# This file is automatically @generated by Cargo.
# It is not intended for manual editing.
version = 3

[[package]]
name = "back-end"
version = "0.1.0"
dependencies = [
 "wave-insight-lib",
]

[[package]]
name = "front-end"
version = "0.1.0"
dependencies = [
 "wave-insight-lib",
]

[[package]]
name = "wave-insight-lib"
version = "0.1.0"
